
Microsoft Visual Studio Solution File, Format Version 12.00
# Visual Studio Version 16
VisualStudioVersion = 16.0.32002.261
MinimumVisualStudioVersion = 10.0.40219.1
Project("{FAE04EC0-301F-11D3-BF4B-00C04F79EFBC}") = "CSC237_Pig_start", "CSC237_Pig_start\CSC237_Pig_start.csproj", "{095FB3BF-9682-43EF-B01F-535A0F7A06D6}"
EndProject
Global
	GlobalSection(SolutionConfigurationPlatforms) = preSolution
		Debug|Any CPU = Debug|Any CPU
		Release|Any CPU = Release|Any CPU
	EndGlobalSection
	GlobalSection(ProjectConfigurationPlatforms) = postSolution
		{095FB3BF-9682-43EF-B01F-535A0F7A06D6}.Debug|Any CPU.ActiveCfg = Debug|Any CPU
		{095FB3BF-9682-43EF-B01F-535A0F7A06D6}.Debug|Any CPU.Build.0 = Debug|Any CPU
		{095FB3BF-9682-43EF-B01F-535A0F7A06D6}.Release|Any CPU.ActiveCfg = Release|Any CPU
		{095FB3BF-9682-43EF-B01F-535A0F7A06D6}.Release|Any CPU.Build.0 = Release|Any CPU
	EndGlobalSection
	GlobalSection(SolutionProperties) = preSolution
		HideSolutionNode = FALSE
	EndGlobalSection
	GlobalSection(ExtensibilityGlobals) = postSolution
		SolutionGuid = {C68D5AFD-A61B-4E96-B059-B3826083B296}
	EndGlobalSection
EndGlobal
